
Microsoft Visual Studio Solution File, Format Version 12.00
# Visual Studio Version 17
VisualStudioVersion = 17.10.35027.167
MinimumVisualStudioVersion = 10.0.40219.1
Project("{FAE04EC0-301F-11D3-BF4B-00C04F79EFBC}") = "MauiAppMinhasCompras", "MauiAppMinhasCompras\MauiAppMinhasCompras.csproj", "{213D399B-D832-449B-A7E6-5A90D9460414}"
EndProject
Global
	GlobalSection(SolutionConfigurationPlatforms) = preSolution
		Debug|Any CPU = Debug|Any CPU
		Release|Any CPU = Release|Any CPU
	EndGlobalSection
	GlobalSection(ProjectConfigurationPlatforms) = postSolution
		{213D399B-D832-449B-A7E6-5A90D9460414}.Debug|Any CPU.ActiveCfg = Debug|Any CPU
		{213D399B-D832-449B-A7E6-5A90D9460414}.Debug|Any CPU.Build.0 = Debug|Any CPU
		{213D399B-D832-449B-A7E6-5A90D9460414}.Debug|Any CPU.Deploy.0 = Debug|Any CPU
		{213D399B-D832-449B-A7E6-5A90D9460414}.Release|Any CPU.ActiveCfg = Release|Any CPU
		{213D399B-D832-449B-A7E6-5A90D9460414}.Release|Any CPU.Build.0 = Release|Any CPU
		{213D399B-D832-449B-A7E6-5A90D9460414}.Release|Any CPU.Deploy.0 = Release|Any CPU
	EndGlobalSection
	GlobalSection(SolutionProperties) = preSolution
		HideSolutionNode = FALSE
	EndGlobalSection
	GlobalSection(ExtensibilityGlobals) = postSolution
		SolutionGuid = {7B366AF4-6DCD-458E-98CE-E5D012B7E2E8}
	EndGlobalSection
EndGlobal
